
Microsoft Visual Studio Solution File, Format Version 12.00
# Visual Studio Version 17
VisualStudioVersion = 17.9.34723.18
MinimumVisualStudioVersion = 10.0.40219.1
Project("{FAE04EC0-301F-11D3-BF4B-00C04F79EFBC}") = "WpfApp1", "WpfApp1\WpfApp1.csproj", "{3DA313DE-7ACF-457A-90A1-642A774B8114}"
EndProject
Global
	GlobalSection(SolutionConfigurationPlatforms) = preSolution
		Debug|Any CPU = Debug|Any CPU
		Release|Any CPU = Release|Any CPU
	EndGlobalSection
	GlobalSection(ProjectConfigurationPlatforms) = postSolution
		{3DA313DE-7ACF-457A-90A1-642A774B8114}.Debug|Any CPU.ActiveCfg = Debug|Any CPU
		{3DA313DE-7ACF-457A-90A1-642A774B8114}.Debug|Any CPU.Build.0 = Debug|Any CPU
		{3DA313DE-7ACF-457A-90A1-642A774B8114}.Release|Any CPU.ActiveCfg = Release|Any CPU
		{3DA313DE-7ACF-457A-90A1-642A774B8114}.Release|Any CPU.Build.0 = Release|Any CPU
	EndGlobalSection
	GlobalSection(SolutionProperties) = preSolution
		HideSolutionNode = FALSE
	EndGlobalSection
	GlobalSection(ExtensibilityGlobals) = postSolution
		SolutionGuid = {B9A6BA00-B16F-4BF0-9288-E35ECF34E695}
	EndGlobalSection
EndGlobal
